
Microsoft Visual Studio Solution File, Format Version 12.00
# Visual Studio 15
VisualStudioVersion = 15.0.27703.2000
MinimumVisualStudioVersion = 10.0.40219.1
Project("{FAE04EC0-301F-11D3-BF4B-00C04F79EFBC}") = "ProyectoFinalAplicada", "ProyectoFinalAplicada\ProyectoFinalAplicada.csproj", "{029645F7-E6A0-4680-BBFD-A9879B1DE706}"
EndProject
Project("{FAE04EC0-301F-11D3-BF4B-00C04F79EFBC}") = "ProyectoFinalAplicadaTests", "ProyectoFinalAplicadaTests\ProyectoFinalAplicadaTests.csproj", "{DA3E235D-A6EA-4B98-8721-BE0F940C9BE3}"
EndProject
Project("{FAE04EC0-301F-11D3-BF4B-00C04F79EFBC}") = "BLL", "BLL\BLL.csproj", "{F7635F0B-1337-4143-90CE-4158D69B25D0}"
EndProject
Project("{FAE04EC0-301F-11D3-BF4B-00C04F79EFBC}") = "Entidades", "Entidades\Entidades.csproj", "{B89EA515-FFA2-4F2B-8609-A53F1B5DB40B}"
EndProject
Project("{FAE04EC0-301F-11D3-BF4B-00C04F79EFBC}") = "DAL", "DAL\DAL.csproj", "{674C94B4-5EBC-4741-BB87-E8CFCB50961E}"
EndProject
Global
	GlobalSection(SolutionConfigurationPlatforms) = preSolution
		Debug|Any CPU = Debug|Any CPU
		Release|Any CPU = Release|Any CPU
	EndGlobalSection
	GlobalSection(ProjectConfigurationPlatforms) = postSolution
		{029645F7-E6A0-4680-BBFD-A9879B1DE706}.Debug|Any CPU.ActiveCfg = Debug|Any CPU
		{029645F7-E6A0-4680-BBFD-A9879B1DE706}.Debug|Any CPU.Build.0 = Debug|Any CPU
		{029645F7-E6A0-4680-BBFD-A9879B1DE706}.Release|Any CPU.ActiveCfg = Release|Any CPU
		{029645F7-E6A0-4680-BBFD-A9879B1DE706}.Release|Any CPU.Build.0 = Release|Any CPU
		{DA3E235D-A6EA-4B98-8721-BE0F940C9BE3}.Debug|Any CPU.ActiveCfg = Debug|Any CPU
		{DA3E235D-A6EA-4B98-8721-BE0F940C9BE3}.Debug|Any CPU.Build.0 = Debug|Any CPU
		{DA3E235D-A6EA-4B98-8721-BE0F940C9BE3}.Release|Any CPU.ActiveCfg = Release|Any CPU
		{DA3E235D-A6EA-4B98-8721-BE0F940C9BE3}.Release|Any CPU.Build.0 = Release|Any CPU
		{F7635F0B-1337-4143-90CE-4158D69B25D0}.Debug|Any CPU.ActiveCfg = Debug|Any CPU
		{F7635F0B-1337-4143-90CE-4158D69B25D0}.Debug|Any CPU.Build.0 = Debug|Any CPU
		{F7635F0B-1337-4143-90CE-4158D69B25D0}.Release|Any CPU.ActiveCfg = Release|Any CPU
		{F7635F0B-1337-4143-90CE-4158D69B25D0}.Release|Any CPU.Build.0 = Release|Any CPU
		{B89EA515-FFA2-4F2B-8609-A53F1B5DB40B}.Debug|Any CPU.ActiveCfg = Debug|Any CPU
		{B89EA515-FFA2-4F2B-8609-A53F1B5DB40B}.Debug|Any CPU.Build.0 = Debug|Any CPU
		{B89EA515-FFA2-4F2B-8609-A53F1B5DB40B}.Release|Any CPU.ActiveCfg = Release|Any CPU
		{B89EA515-FFA2-4F2B-8609-A53F1B5DB40B}.Release|Any CPU.Build.0 = Release|Any CPU
		{674C94B4-5EBC-4741-BB87-E8CFCB50961E}.Debug|Any CPU.ActiveCfg = Debug|Any CPU
		{674C94B4-5EBC-4741-BB87-E8CFCB50961E}.Debug|Any CPU.Build.0 = Debug|Any CPU
		{674C94B4-5EBC-4741-BB87-E8CFCB50961E}.Release|Any CPU.ActiveCfg = Release|Any CPU
		{674C94B4-5EBC-4741-BB87-E8CFCB50961E}.Release|Any CPU.Build.0 = Release|Any CPU
	EndGlobalSection
	GlobalSection(SolutionProperties) = preSolution
		HideSolutionNode = FALSE
	EndGlobalSection
	GlobalSection(ExtensibilityGlobals) = postSolution
		SolutionGuid = {46296A83-7B9E-4AD9-9160-57548E55D037}
	EndGlobalSection
EndGlobal
